
Microsoft Visual Studio Solution File, Format Version 12.00
Project("{FAE04EC0-301F-11D3-BF4B-00C04F79EFBC}") = "api1", "api1\api1.csproj", "{B7B7AF92-BC77-4F02-922E-0BC45134046D}"
EndProject
Global
	GlobalSection(SolutionConfigurationPlatforms) = preSolution
		Debug|Any CPU = Debug|Any CPU
		Release|Any CPU = Release|Any CPU
	EndGlobalSection
	GlobalSection(ProjectConfigurationPlatforms) = postSolution
		{B7B7AF92-BC77-4F02-922E-0BC45134046D}.Debug|Any CPU.ActiveCfg = Debug|Any CPU
		{B7B7AF92-BC77-4F02-922E-0BC45134046D}.Debug|Any CPU.Build.0 = Debug|Any CPU
		{B7B7AF92-BC77-4F02-922E-0BC45134046D}.Release|Any CPU.ActiveCfg = Release|Any CPU
		{B7B7AF92-BC77-4F02-922E-0BC45134046D}.Release|Any CPU.Build.0 = Release|Any CPU
	EndGlobalSection
EndGlobal
